lockfileVersion: '9.0'

settings:
  autoInstallPeers: true
  excludeLinksFromLockfile: false

importers:

  .:
    devDependencies:
      '@napi-rs/cli':
        specifier: ^2.18.0
        version: 2.18.4
      es-module-lexer:
        specifier: ^1.4.1
        version: 1.6.0
      tinybench:
        specifier: ^3.0.0
        version: 3.1.0

packages:

  '@napi-rs/cli@2.18.4':
    resolution: {integrity: sha512-SgJeA4df9DE2iAEpr3M2H0OKl/yjtg1BnRI5/JyowS71tUWhrfSu2LT0V3vlHET+g1hBVlrO60PmEXwUEKp8Mg==}
    engines: {node: '>= 10'}
    hasBin: true

  es-module-lexer@1.6.0:
    resolution: {integrity: sha512-qqnD1yMU6tk/jnaMosogGySTZP8YtUgAffA9nMN+E/rjxcfRQ6IEk7IiozUjgxKoFHBGjTLnrHB/YC45r/59EQ==}

  tinybench@3.1.0:
    resolution: {integrity: sha512-Km+oMh2xqNCxuyoUsqbRmHgFSd8sATh7v7xreP+kHN6x67w28Pawr83WmBxcaORvxkc0Ex6zgqK951yBnTFaaQ==}
    engines: {node: '>=18.0.0'}

snapshots:

  '@napi-rs/cli@2.18.4': {}

  es-module-lexer@1.6.0: {}

  tinybench@3.1.0: {}
