lockfileVersion: '9.0'

settings:
  autoInstallPeers: true
  excludeLinksFromLockfile: false

importers:

  .:
    devDependencies:
      '@napi-rs/cli':
        specifier: ^2.18.0
        version: 2.18.4
      es-module-lexer:
        specifier: ^1.4.1
        version: 1.5.4
      tinybench:
        specifier: ^2.6.0
        version: 2.8.0

packages:

  '@napi-rs/cli@2.18.4':
    resolution: {integrity: sha512-SgJeA4df9DE2iAEpr3M2H0OKl/yjtg1BnRI5/JyowS71tUWhrfSu2LT0V3vlHET+g1hBVlrO60PmEXwUEKp8Mg==}
    engines: {node: '>= 10'}
    hasBin: true

  es-module-lexer@1.5.4:
    resolution: {integrity: sha512-MVNK56NiMrOwitFB7cqDwq0CQutbw+0BvLshJSse0MUNU+y1FC3bUS/AQg7oUng+/wKrrki7JfmwtVHkVfPLlw==}

  tinybench@2.8.0:
    resolution: {integrity: sha512-1/eK7zUnIklz4JUUlL+658n58XO2hHLQfSk1Zf2LKieUjxidN16eKFEoDEfjHc3ohofSSqK3X5yO6VGb6iW8Lw==}

snapshots:

  '@napi-rs/cli@2.18.4': {}

  es-module-lexer@1.5.4: {}

  tinybench@2.8.0: {}
